
Microsoft Visual Studio Solution File, Format Version 12.00
# Visual Studio Version 16
VisualStudioVersion = 16.0.33927.289
MinimumVisualStudioVersion = 10.0.40219.1
Project("{2150E333-8FDC-42A3-9474-1A3956D46DE8}") = "Task0", "Task0", "{A848F8F8-4FE4-46EE-9BEA-2362321DFCF6}"
EndProject
Project("{FAE04EC0-301F-11D3-BF4B-00C04F79EFBC}") = "Tyuiu.IvanchikovDA.Sprint0.Task0.V0", "Tyuiu.IvanchikovDA.Sprint0.Task0.V0\Tyuiu.IvanchikovDA.Sprint0.Task0.V0.csproj", "{F5DE10C4-44B7-490D-AB11-F90D6EA8ECBF}"
EndProject
Project("{2150E333-8FDC-42A3-9474-1A3956D46DE8}") = "Task1", "Task1", "{65A312C1-FF3C-4FC2-B16E-7E94B8C1452B}"
EndProject
Project("{FAE04EC0-301F-11D3-BF4B-00C04F79EFBC}") = "Tyuiu.IvanchikovDA.Sprint0.Task1.V0", "Tyuiu.IvanchikovDA.Sprint0.Task1.V0\Tyuiu.IvanchikovDA.Sprint0.Task1.V0.csproj", "{4340E2D0-5054-4686-BCF4-447ACFCA46E6}"
EndProject
Project("{2150E333-8FDC-42A3-9474-1A3956D46DE8}") = "Task2", "Task2", "{BC1C1986-918F-4AE2-993E-1B8755D9B627}"
EndProject
Project("{FAE04EC0-301F-11D3-BF4B-00C04F79EFBC}") = "Tyuiu.IvanchikovDA.Sprint0.Task2.V0", "Tyuiu.IvanchikovDA.Sprint0.Task2.V0\Tyuiu.IvanchikovDA.Sprint0.Task2.V0.csproj", "{7BEE4C05-B9BE-410F-818D-7A2A458A09B2}"
EndProject
Project("{FAE04EC0-301F-11D3-BF4B-00C04F79EFBC}") = "Tyuiu.IvanchikovDA.Sprint0.Task2.V0.Lib", "Tyuiu.IvanchikovDA.Sprint0.Task2.V0.Lib\Tyuiu.IvanchikovDA.Sprint0.Task2.V0.Lib.csproj", "{8206142F-977F-4A15-8F18-702874A844A8}"
EndProject
Project("{FAE04EC0-301F-11D3-BF4B-00C04F79EFBC}") = "Tyuiu.IvanchikovDA.Sprint0.Task2.V0.Test", "Tyuiu.IvanchikovDA.Sprint0.Task2.V0.Test\Tyuiu.IvanchikovDA.Sprint0.Task2.V0.Test.csproj", "{248C6996-6654-47AF-9B53-E45E49E4D098}"
EndProject
Project("{2150E333-8FDC-42A3-9474-1A3956D46DE8}") = "Task3", "Task3", "{284CA0AC-4A0A-41F1-B4B5-A3245ED9FF5D}"
EndProject
Project("{FAE04EC0-301F-11D3-BF4B-00C04F79EFBC}") = "Tyuiu.IvanchikovDA.Sprint0.Task3.V0", "Tyuiu.IvanchikovDA.Sprint0.Task3.V0\Tyuiu.IvanchikovDA.Sprint0.Task3.V0.csproj", "{ACC94472-D907-4F92-9757-C8829AA549A4}"
EndProject
Project("{FAE04EC0-301F-11D3-BF4B-00C04F79EFBC}") = "Tyuiu.IvanchikovDA.Sprint0.Task3.V0.Lib", "Tyuiu.IvanchikovDA.Sprint0.Task3.V0.Lib\Tyuiu.IvanchikovDA.Sprint0.Task3.V0.Lib.csproj", "{085BFEC8-8C7E-49BC-AC9D-211B8B04E0D9}"
EndProject
Project("{FAE04EC0-301F-11D3-BF4B-00C04F79EFBC}") = "Tyuiu.IvanchikovDA.Sprint0.Task3.V0.Test", "Tyuiu.IvanchikovDA.Sprint0.Task3.V0.Test\Tyuiu.IvanchikovDA.Sprint0.Task3.V0.Test.csproj", "{A272EB99-D6C6-4F10-8224-EC9247039693}"
EndProject
Project("{2150E333-8FDC-42A3-9474-1A3956D46DE8}") = "Task4", "Task4", "{83E2E7A3-8C3F-42DD-92FD-2635B60BBF5A}"
EndProject
Project("{FAE04EC0-301F-11D3-BF4B-00C04F79EFBC}") = "Tyuiu.IvanchikovDA.Sprint0.Task4.V0", "Tyuiu.IvanchikovDA.Sprint0.Task4.V0\Tyuiu.IvanchikovDA.Sprint0.Task4.V0.csproj", "{A2931CF3-8F72-46A8-8A82-0025C1C3108F}"
EndProject
Project("{FAE04EC0-301F-11D3-BF4B-00C04F79EFBC}") = "Tyuiu.IvanchikovDA.Sprint0.Task4.V0.Lib", "Tyuiu.IvanchikovDA.Sprint0.Task4.V0.Lib\Tyuiu.IvanchikovDA.Sprint0.Task4.V0.Lib.csproj", "{7BB4F108-A401-471B-A8F3-61904C71DDA6}"
EndProject
Project("{FAE04EC0-301F-11D3-BF4B-00C04F79EFBC}") = "Tyuiu.IvanchikovDA.Sprint0.Task4.V0.Test", "Tyuiu.IvanchikovDA.Sprint0.Task4.V0.Test\Tyuiu.IvanchikovDA.Sprint0.Task4.V0.Test.csproj", "{7F394B73-11DA-48A1-8F41-E2BD78BE9B43}"
EndProject
Project("{2150E333-8FDC-42A3-9474-1A3956D46DE8}") = "Task5", "Task5", "{77756E8A-2637-4DF8-BD09-658B50524114}"
EndProject
Project("{FAE04EC0-301F-11D3-BF4B-00C04F79EFBC}") = "Tyuiu.IvanchikovDA.Sprint0.Task5.V0", "Tyuiu.IvanchikovDA.Sprint0.Task5.V0\Tyuiu.IvanchikovDA.Sprint0.Task5.V0.csproj", "{D0E40AD5-A2B7-4482-BADC-4C1337065A1F}"
EndProject
Project("{FAE04EC0-301F-11D3-BF4B-00C04F79EFBC}") = "Tyuiu.IvanchikovDA.Sprint0.Task5.V0.Lib", "Tyuiu.IvanchikovDA.Sprint0.Task5.V0.Lib\Tyuiu.IvanchikovDA.Sprint0.Task5.V0.Lib.csproj", "{77A9EFA2-D033-45BF-BEAA-CDE2396EBD25}"
EndProject
Project("{FAE04EC0-301F-11D3-BF4B-00C04F79EFBC}") = "Tyuiu.IvanchikovDA.Sprint0.Task5.V0.Test", "Tyuiu.IvanchikovDA.Sprint0.Task5.V0.Test\Tyuiu.IvanchikovDA.Sprint0.Task5.V0.Test.csproj", "{967DBB45-31E9-4588-AD9E-B63CCAFF0BF3}"
EndProject
Global
	GlobalSection(SolutionConfigurationPlatforms) = preSolution
		Debug|Any CPU = Debug|Any CPU
		Release|Any CPU = Release|Any CPU
	EndGlobalSection
	GlobalSection(ProjectConfigurationPlatforms) = postSolution
		{F5DE10C4-44B7-490D-AB11-F90D6EA8ECBF}.Debug|Any CPU.ActiveCfg = Debug|Any CPU
		{F5DE10C4-44B7-490D-AB11-F90D6EA8ECBF}.Debug|Any CPU.Build.0 = Debug|Any CPU
		{F5DE10C4-44B7-490D-AB11-F90D6EA8ECBF}.Release|Any CPU.ActiveCfg = Release|Any CPU
		{F5DE10C4-44B7-490D-AB11-F90D6EA8ECBF}.Release|Any CPU.Build.0 = Release|Any CPU
		{4340E2D0-5054-4686-BCF4-447ACFCA46E6}.Debug|Any CPU.ActiveCfg = Debug|Any CPU
		{4340E2D0-5054-4686-BCF4-447ACFCA46E6}.Debug|Any CPU.Build.0 = Debug|Any CPU
		{4340E2D0-5054-4686-BCF4-447ACFCA46E6}.Release|Any CPU.ActiveCfg = Release|Any CPU
		{4340E2D0-5054-4686-BCF4-447ACFCA46E6}.Release|Any CPU.Build.0 = Release|Any CPU
		{7BEE4C05-B9BE-410F-818D-7A2A458A09B2}.Debug|Any CPU.ActiveCfg = Debug|Any CPU
		{7BEE4C05-B9BE-410F-818D-7A2A458A09B2}.Debug|Any CPU.Build.0 = Debug|Any CPU
		{7BEE4C05-B9BE-410F-818D-7A2A458A09B2}.Release|Any CPU.ActiveCfg = Release|Any CPU
		{7BEE4C05-B9BE-410F-818D-7A2A458A09B2}.Release|Any CPU.Build.0 = Release|Any CPU
		{8206142F-977F-4A15-8F18-702874A844A8}.Debug|Any CPU.ActiveCfg = Debug|Any CPU
		{8206142F-977F-4A15-8F18-702874A844A8}.Debug|Any CPU.Build.0 = Debug|Any CPU
		{8206142F-977F-4A15-8F18-702874A844A8}.Release|Any CPU.ActiveCfg = Release|Any CPU
		{8206142F-977F-4A15-8F18-702874A844A8}.Release|Any CPU.Build.0 = Release|Any CPU
		{248C6996-6654-47AF-9B53-E45E49E4D098}.Debug|Any CPU.ActiveCfg = Debug|Any CPU
		{248C6996-6654-47AF-9B53-E45E49E4D098}.Debug|Any CPU.Build.0 = Debug|Any CPU
		{248C6996-6654-47AF-9B53-E45E49E4D098}.Release|Any CPU.ActiveCfg = Release|Any CPU
		{248C6996-6654-47AF-9B53-E45E49E4D098}.Release|Any CPU.Build.0 = Release|Any CPU
		{ACC94472-D907-4F92-9757-C8829AA549A4}.Debug|Any CPU.ActiveCfg = Debug|Any CPU
		{ACC94472-D907-4F92-9757-C8829AA549A4}.Debug|Any CPU.Build.0 = Debug|Any CPU
		{ACC94472-D907-4F92-9757-C8829AA549A4}.Release|Any CPU.ActiveCfg = Release|Any CPU
		{ACC94472-D907-4F92-9757-C8829AA549A4}.Release|Any CPU.Build.0 = Release|Any CPU
		{085BFEC8-8C7E-49BC-AC9D-211B8B04E0D9}.Debug|Any CPU.ActiveCfg = Debug|Any CPU
		{085BFEC8-8C7E-49BC-AC9D-211B8B04E0D9}.Debug|Any CPU.Build.0 = Debug|Any CPU
		{085BFEC8-8C7E-49BC-AC9D-211B8B04E0D9}.Release|Any CPU.ActiveCfg = Release|Any CPU
		{085BFEC8-8C7E-49BC-AC9D-211B8B04E0D9}.Release|Any CPU.Build.0 = Release|Any CPU
		{A272EB99-D6C6-4F10-8224-EC9247039693}.Debug|Any CPU.ActiveCfg = Debug|Any CPU
		{A272EB99-D6C6-4F10-8224-EC9247039693}.Debug|Any CPU.Build.0 = Debug|Any CPU
		{A272EB99-D6C6-4F10-8224-EC9247039693}.Release|Any CPU.ActiveCfg = Release|Any CPU
		{A272EB99-D6C6-4F10-8224-EC9247039693}.Release|Any CPU.Build.0 = Release|Any CPU
		{A2931CF3-8F72-46A8-8A82-0025C1C3108F}.Debug|Any CPU.ActiveCfg = Debug|Any CPU
		{A2931CF3-8F72-46A8-8A82-0025C1C3108F}.Debug|Any CPU.Build.0 = Debug|Any CPU
		{A2931CF3-8F72-46A8-8A82-0025C1C3108F}.Release|Any CPU.ActiveCfg = Release|Any CPU
		{A2931CF3-8F72-46A8-8A82-0025C1C3108F}.Release|Any CPU.Build.0 = Release|Any CPU
		{7BB4F108-A401-471B-A8F3-61904C71DDA6}.Debug|Any CPU.ActiveCfg = Debug|Any CPU
		{7BB4F108-A401-471B-A8F3-61904C71DDA6}.Debug|Any CPU.Build.0 = Debug|Any CPU
		{7BB4F108-A401-471B-A8F3-61904C71DDA6}.Release|Any CPU.ActiveCfg = Release|Any CPU
		{7BB4F108-A401-471B-A8F3-61904C71DDA6}.Release|Any CPU.Build.0 = Release|Any CPU
		{7F394B73-11DA-48A1-8F41-E2BD78BE9B43}.Debug|Any CPU.ActiveCfg = Debug|Any CPU
		{7F394B73-11DA-48A1-8F41-E2BD78BE9B43}.Debug|Any CPU.Build.0 = Debug|Any CPU
		{7F394B73-11DA-48A1-8F41-E2BD78BE9B43}.Release|Any CPU.ActiveCfg = Release|Any CPU
		{7F394B73-11DA-48A1-8F41-E2BD78BE9B43}.Release|Any CPU.Build.0 = Release|Any CPU
		{D0E40AD5-A2B7-4482-BADC-4C1337065A1F}.Debug|Any CPU.ActiveCfg = Debug|Any CPU
		{D0E40AD5-A2B7-4482-BADC-4C1337065A1F}.Debug|Any CPU.Build.0 = Debug|Any CPU
		{D0E40AD5-A2B7-4482-BADC-4C1337065A1F}.Release|Any CPU.ActiveCfg = Release|Any CPU
		{D0E40AD5-A2B7-4482-BADC-4C1337065A1F}.Release|Any CPU.Build.0 = Release|Any CPU
		{77A9EFA2-D033-45BF-BEAA-CDE2396EBD25}.Debug|Any CPU.ActiveCfg = Debug|Any CPU
		{77A9EFA2-D033-45BF-BEAA-CDE2396EBD25}.Debug|Any CPU.Build.0 = Debug|Any CPU
		{77A9EFA2-D033-45BF-BEAA-CDE2396EBD25}.Release|Any CPU.ActiveCfg = Release|Any CPU
		{77A9EFA2-D033-45BF-BEAA-CDE2396EBD25}.Release|Any CPU.Build.0 = Release|Any CPU
		{967DBB45-31E9-4588-AD9E-B63CCAFF0BF3}.Debug|Any CPU.ActiveCfg = Debug|Any CPU
		{967DBB45-31E9-4588-AD9E-B63CCAFF0BF3}.Debug|Any CPU.Build.0 = Debug|Any CPU
		{967DBB45-31E9-4588-AD9E-B63CCAFF0BF3}.Release|Any CPU.ActiveCfg = Release|Any CPU
		{967DBB45-31E9-4588-AD9E-B63CCAFF0BF3}.Release|Any CPU.Build.0 = Release|Any CPU
	EndGlobalSection
	GlobalSection(SolutionProperties) = preSolution
		HideSolutionNode = FALSE
	EndGlobalSection
	GlobalSection(NestedProjects) = preSolution
		{F5DE10C4-44B7-490D-AB11-F90D6EA8ECBF} = {A848F8F8-4FE4-46EE-9BEA-2362321DFCF6}
		{4340E2D0-5054-4686-BCF4-447ACFCA46E6} = {65A312C1-FF3C-4FC2-B16E-7E94B8C1452B}
		{7BEE4C05-B9BE-410F-818D-7A2A458A09B2} = {BC1C1986-918F-4AE2-993E-1B8755D9B627}
		{8206142F-977F-4A15-8F18-702874A844A8} = {BC1C1986-918F-4AE2-993E-1B8755D9B627}
		{248C6996-6654-47AF-9B53-E45E49E4D098} = {BC1C1986-918F-4AE2-993E-1B8755D9B627}
		{ACC94472-D907-4F92-9757-C8829AA549A4} = {284CA0AC-4A0A-41F1-B4B5-A3245ED9FF5D}
		{085BFEC8-8C7E-49BC-AC9D-211B8B04E0D9} = {284CA0AC-4A0A-41F1-B4B5-A3245ED9FF5D}
		{A272EB99-D6C6-4F10-8224-EC9247039693} = {284CA0AC-4A0A-41F1-B4B5-A3245ED9FF5D}
		{A2931CF3-8F72-46A8-8A82-0025C1C3108F} = {83E2E7A3-8C3F-42DD-92FD-2635B60BBF5A}
		{7BB4F108-A401-471B-A8F3-61904C71DDA6} = {83E2E7A3-8C3F-42DD-92FD-2635B60BBF5A}
		{7F394B73-11DA-48A1-8F41-E2BD78BE9B43} = {83E2E7A3-8C3F-42DD-92FD-2635B60BBF5A}
		{D0E40AD5-A2B7-4482-BADC-4C1337065A1F} = {77756E8A-2637-4DF8-BD09-658B50524114}
		{77A9EFA2-D033-45BF-BEAA-CDE2396EBD25} = {77756E8A-2637-4DF8-BD09-658B50524114}
		{967DBB45-31E9-4588-AD9E-B63CCAFF0BF3} = {77756E8A-2637-4DF8-BD09-658B50524114}
	EndGlobalSection
	GlobalSection(ExtensibilityGlobals) = postSolution
		SolutionGuid = {85BADA82-6838-4E1B-B2A6-E4C3A6794A21}
	EndGlobalSection
EndGlobal
